{
  "nodes": {
    "home-manager": {
      "inputs": {
        "nixpkgs": [
          "nixpkgs"
        ],
        "utils": "utils"
      },
      "locked": {
        "lastModified": 1678464939,
        "narHash": "sha256-pRMlwOUkO1OwSi7qF6XR/zcocWy/ZYxXgbYWvnZQO9k=",
        "owner": "nix-community",
        "repo": "home-manager",
        "rev": "7224d7c54c5fc74cdf60b208af6148ed3295aa32",
        "type": "github"
      },
      "original": {
        "owner": "nix-community",
        "repo": "home-manager",
        "type": "github"
      }
    },
    "my-nix-overlay": {
      "inputs": {
        "nixpkgs": [
          "nixpkgs"
        ]
      },
      "locked": {
        "lastModified": 1678471087,
        "narHash": "sha256-l7+zMqIpYkS0HpQPqeAWp3sOZsHQc9+h0Jss0FB1uI0=",
        "owner": "hcssmith",
        "repo": "my-nix-overlay",
        "rev": "486da5ae7180e21cc23b3143343d8f808dba4ae4",
        "type": "github"
      },
      "original": {
        "owner": "hcssmith",
        "repo": "my-nix-overlay",
        "type": "github"
      }
    },
    "nixpkgs": {
      "locked": {
        "lastModified": 1678418513,
        "narHash": "sha256-HLLR2Fmkn3TgD0F+u5gMcTKx5YzAU1rbS4cLfm6ugiU=",
        "owner": "nixos",
        "repo": "nixpkgs",
        "rev": "5496585eb876f2ce97654bc8f96838c6f8642563",
        "type": "github"
      },
      "original": {
        "owner": "nixos",
        "ref": "nixpkgs-unstable",
        "repo": "nixpkgs",
        "type": "github"
      }
    },
    "nur": {
      "locked": {
        "lastModified": 1678467571,
        "narHash": "sha256-ChG52mS7iHgdg+5tmPVHqa//el+9caTGy0eYLzzi5oo=",
        "owner": "nix-community",
        "repo": "NUR",
        "rev": "d0be1f32e91d0d3f5a61c18d8a53269cb7bde705",
        "type": "github"
      },
      "original": {
        "owner": "nix-community",
        "ref": "master",
        "repo": "NUR",
        "type": "github"
      }
    },
    "root": {
      "inputs": {
        "home-manager": "home-manager",
        "my-nix-overlay": "my-nix-overlay",
        "nixpkgs": "nixpkgs",
        "nur": "nur"
      }
    },
    "utils": {
      "locked": {
        "lastModified": 1676283394,
        "narHash": "sha256-XX2f9c3iySLCw54rJ/CZs+ZK6IQy7GXNY4nSOyu2QG4=",
        "owner": "numtide",
        "repo": "flake-utils",
        "rev": "3db36a8b464d0c4532ba1c7dda728f4576d6d073",
        "type": "github"
      },
      "original": {
        "owner": "numtide",
        "repo": "flake-utils",
        "type": "github"
      }
    }
  },
  "root": "root",
  "version": 7
}
