{
  "nodes": {
    "home-manager": {
      "inputs": {
        "nixpkgs": [
          "nixpkgs"
        ],
        "utils": "utils"
      },
      "locked": {
        "lastModified": 1678271387,
        "narHash": "sha256-H2dv/i1LRlunRtrESirELzfPWdlG/6ElDB1ksO529H4=",
        "owner": "nix-community",
        "repo": "home-manager",
        "rev": "36999b8d19eb6eebb41983ef017d7e0095316af2",
        "type": "github"
      },
      "original": {
        "owner": "nix-community",
        "repo": "home-manager",
        "type": "github"
      }
    },
    "my-nix-overlay": {
      "inputs": {
        "nixpkgs": [
          "nixpkgs"
        ]
      },
      "locked": {
        "lastModified": 1678388990,
        "narHash": "sha256-T0ULXsqpidLKj6GqD6O5nxXGNCcRD0QIe4GKo9MuVWY=",
        "owner": "hcssmith",
        "repo": "my-nix-overlay",
        "rev": "8835b40a1fe7aa1f179f5ad6dfca3a1524d68053",
        "type": "github"
      },
      "original": {
        "owner": "hcssmith",
        "repo": "my-nix-overlay",
        "type": "github"
      }
    },
    "nixpkgs": {
      "locked": {
        "lastModified": 1678298120,
        "narHash": "sha256-iaV5xqgn29xy765Js3EoZePQyZIlLZA3pTYtTnKkejg=",
        "owner": "nixos",
        "repo": "nixpkgs",
        "rev": "1e383aada51b416c6c27d4884d2e258df201bc11",
        "type": "github"
      },
      "original": {
        "owner": "nixos",
        "ref": "nixpkgs-unstable",
        "repo": "nixpkgs",
        "type": "github"
      }
    },
    "nur": {
      "locked": {
        "lastModified": 1678381003,
        "narHash": "sha256-Ujd6MAWDGVmmchEZstza74ttcH/hliTztSWb7TFROiQ=",
        "owner": "nix-community",
        "repo": "NUR",
        "rev": "ca454bfe203ce42dbeac2ecae7035372df82258b",
        "type": "github"
      },
      "original": {
        "owner": "nix-community",
        "ref": "master",
        "repo": "NUR",
        "type": "github"
      }
    },
    "root": {
      "inputs": {
        "home-manager": "home-manager",
        "my-nix-overlay": "my-nix-overlay",
        "nixpkgs": "nixpkgs",
        "nur": "nur"
      }
    },
    "utils": {
      "locked": {
        "lastModified": 1676283394,
        "narHash": "sha256-XX2f9c3iySLCw54rJ/CZs+ZK6IQy7GXNY4nSOyu2QG4=",
        "owner": "numtide",
        "repo": "flake-utils",
        "rev": "3db36a8b464d0c4532ba1c7dda728f4576d6d073",
        "type": "github"
      },
      "original": {
        "owner": "numtide",
        "repo": "flake-utils",
        "type": "github"
      }
    }
  },
  "root": "root",
  "version": 7
}
